
Microsoft Visual Studio Solution File, Format Version 12.00
# Visual Studio 2012
Project("{FAE04EC0-301F-11D3-BF4B-00C04F79EFBC}") = "PacMan", "PacMan\PacMan\PacMan.csproj", "{0731D65B-DD03-42AE-9136-CBF937A8F9C3}"
EndProject
Project("{96E2B04D-8817-42C6-938A-82C39BA4D311}") = "PacManContent", "PacMan\PacManContent\PacManContent.contentproj", "{9D3C3977-E704-4FD4-8FFF-8A4E1F8AE062}"
EndProject
Global
	GlobalSection(SolutionConfigurationPlatforms) = preSolution
		Debug|x86 = Debug|x86
		Release|x86 = Release|x86
	EndGlobalSection
	GlobalSection(ProjectConfigurationPlatforms) = postSolution
		{0731D65B-DD03-42AE-9136-CBF937A8F9C3}.Debug|x86.ActiveCfg = Debug|x86
		{0731D65B-DD03-42AE-9136-CBF937A8F9C3}.Debug|x86.Build.0 = Debug|x86
		{0731D65B-DD03-42AE-9136-CBF937A8F9C3}.Release|x86.ActiveCfg = Release|x86
		{0731D65B-DD03-42AE-9136-CBF937A8F9C3}.Release|x86.Build.0 = Release|x86
		{9D3C3977-E704-4FD4-8FFF-8A4E1F8AE062}.Debug|x86.ActiveCfg = Debug|x86
		{9D3C3977-E704-4FD4-8FFF-8A4E1F8AE062}.Release|x86.ActiveCfg = Release|x86
	EndGlobalSection
	GlobalSection(SolutionProperties) = preSolution
		HideSolutionNode = FALSE
	EndGlobalSection
EndGlobal
